
Microsoft Visual Studio Solution File, Format Version 12.00
# Visual Studio 2013
VisualStudioVersion = 12.0.40629.0
MinimumVisualStudioVersion = 10.0.40219.1
Project("{FAE04EC0-301F-11D3-BF4B-00C04F79EFBC}") = "HubTileX", "HubTileX.csproj", "{DF55EE9D-F437-4BCC-87A5-6E607167B389}"
EndProject
Project("{FAE04EC0-301F-11D3-BF4B-00C04F79EFBC}") = "HubTileX.Sample", "HubTileX.Sample\HubTileX.Sample.csproj", "{D6916B79-1E36-48BD-98DC-5A5B7FADCEB1}"
EndProject
Global
	GlobalSection(SolutionConfigurationPlatforms) = preSolution
		Debug|Any CPU = Debug|Any CPU
		Debug|ARM = Debug|ARM
		Debug|x86 = Debug|x86
		Release|Any CPU = Release|Any CPU
		Release|ARM = Release|ARM
		Release|x86 = Release|x86
	EndGlobalSection
	GlobalSection(ProjectConfigurationPlatforms) = postSolution
		{DF55EE9D-F437-4BCC-87A5-6E607167B389}.Debug|Any CPU.ActiveCfg = Debug|Any CPU
		{DF55EE9D-F437-4BCC-87A5-6E607167B389}.Debug|Any CPU.Build.0 = Debug|Any CPU
		{DF55EE9D-F437-4BCC-87A5-6E607167B389}.Debug|ARM.ActiveCfg = Debug|ARM
		{DF55EE9D-F437-4BCC-87A5-6E607167B389}.Debug|ARM.Build.0 = Debug|ARM
		{DF55EE9D-F437-4BCC-87A5-6E607167B389}.Debug|x86.ActiveCfg = Debug|x86
		{DF55EE9D-F437-4BCC-87A5-6E607167B389}.Debug|x86.Build.0 = Debug|x86
		{DF55EE9D-F437-4BCC-87A5-6E607167B389}.Release|Any CPU.ActiveCfg = Release|Any CPU
		{DF55EE9D-F437-4BCC-87A5-6E607167B389}.Release|Any CPU.Build.0 = Release|Any CPU
		{DF55EE9D-F437-4BCC-87A5-6E607167B389}.Release|ARM.ActiveCfg = Release|ARM
		{DF55EE9D-F437-4BCC-87A5-6E607167B389}.Release|ARM.Build.0 = Release|ARM
		{DF55EE9D-F437-4BCC-87A5-6E607167B389}.Release|x86.ActiveCfg = Release|x86
		{DF55EE9D-F437-4BCC-87A5-6E607167B389}.Release|x86.Build.0 = Release|x86
		{D6916B79-1E36-48BD-98DC-5A5B7FADCEB1}.Debug|Any CPU.ActiveCfg = Debug|Any CPU
		{D6916B79-1E36-48BD-98DC-5A5B7FADCEB1}.Debug|Any CPU.Build.0 = Debug|Any CPU
		{D6916B79-1E36-48BD-98DC-5A5B7FADCEB1}.Debug|Any CPU.Deploy.0 = Debug|Any CPU
		{D6916B79-1E36-48BD-98DC-5A5B7FADCEB1}.Debug|ARM.ActiveCfg = Debug|ARM
		{D6916B79-1E36-48BD-98DC-5A5B7FADCEB1}.Debug|ARM.Build.0 = Debug|ARM
		{D6916B79-1E36-48BD-98DC-5A5B7FADCEB1}.Debug|ARM.Deploy.0 = Debug|ARM
		{D6916B79-1E36-48BD-98DC-5A5B7FADCEB1}.Debug|x86.ActiveCfg = Debug|x86
		{D6916B79-1E36-48BD-98DC-5A5B7FADCEB1}.Debug|x86.Build.0 = Debug|x86
		{D6916B79-1E36-48BD-98DC-5A5B7FADCEB1}.Debug|x86.Deploy.0 = Debug|x86
		{D6916B79-1E36-48BD-98DC-5A5B7FADCEB1}.Release|Any CPU.ActiveCfg = Release|Any CPU
		{D6916B79-1E36-48BD-98DC-5A5B7FADCEB1}.Release|Any CPU.Build.0 = Release|Any CPU
		{D6916B79-1E36-48BD-98DC-5A5B7FADCEB1}.Release|Any CPU.Deploy.0 = Release|Any CPU
		{D6916B79-1E36-48BD-98DC-5A5B7FADCEB1}.Release|ARM.ActiveCfg = Release|ARM
		{D6916B79-1E36-48BD-98DC-5A5B7FADCEB1}.Release|ARM.Build.0 = Release|ARM
		{D6916B79-1E36-48BD-98DC-5A5B7FADCEB1}.Release|ARM.Deploy.0 = Release|ARM
		{D6916B79-1E36-48BD-98DC-5A5B7FADCEB1}.Release|x86.ActiveCfg = Release|x86
		{D6916B79-1E36-48BD-98DC-5A5B7FADCEB1}.Release|x86.Build.0 = Release|x86
		{D6916B79-1E36-48BD-98DC-5A5B7FADCEB1}.Release|x86.Deploy.0 = Release|x86
	EndGlobalSection
	GlobalSection(SolutionProperties) = preSolution
		HideSolutionNode = FALSE
	EndGlobalSection
EndGlobal
